<?xml version="1.0" encoding="utf-8"?>
<Project ToolsVersion="4.0" xmlns="http://schemas.microsoft.com/developer/msbuild/2003">
  <ItemGroup>
    <Filter Include="源文件">
      <UniqueIdentifier>{4FC737F1-C7A5-4376-A066-2A32D752A2FF}</UniqueIdentifier>
      <Extensions>cpp;c;cc;cxx;def;odl;idl;hpj;bat;asm;asmx</Extensions>
    </Filter>
    <Filter Include="头文件">
      <UniqueIdentifier>{93995380-89BD-4b04-88EB-625FBE52EBFB}</UniqueIdentifier>
      <Extensions>h;hh;hpp;hxx;hm;inl;inc;xsd</Extensions>
    </Filter>
    <Filter Include="资源文件">
      <UniqueIdentifier>{67DA6AB6-F800-4c08-8B7A-83BB121AAD01}</UniqueIdentifier>
      <Extensions>rc;ico;cur;bmp;dlg;rc2;rct;bin;rgs;gif;jpg;jpeg;jpe;resx;tiff;tif;png;wav;mfcribbon-ms</Extensions>
    </Filter>
    <Filter Include="TinyXml">
      <UniqueIdentifier>{86ca5313-d9e8-49d2-bf30-225326959ccf}</UniqueIdentifier>
    </Filter>
    <Filter Include="IApppay">
      <UniqueIdentifier>{adbafe37-726d-4264-8ad1-b2bad1b4c6a1}</UniqueIdentifier>
    </Filter>
    <Filter Include="汇付宝">
      <UniqueIdentifier>{cec60b48-b8d5-42f8-802d-96f2a0f563aa}</UniqueIdentifier>
    </Filter>
    <Filter Include="修改支付宝">
      <UniqueIdentifier>{3e2ffed4-48c3-46cf-bc5e-914194d9f6f9}</UniqueIdentifier>
    </Filter>
  </ItemGroup>
  <ItemGroup>
    <Text Include="ReadMe.txt" />
  </ItemGroup>
  <ItemGroup>
    <ClInclude Include="stdafx.h">
      <Filter>头文件</Filter>
    </ClInclude>
    <ClInclude Include="..\..\CommonFile\tinyxml\tinyxml2.h">
      <Filter>TinyXml</Filter>
    </ClInclude>
    <ClInclude Include="..\..\CommonFile\tinyxml\XmlReader.h">
      <Filter>TinyXml</Filter>
    </ClInclude>
    <ClInclude Include="FishServer.h">
      <Filter>头文件</Filter>
    </ClInclude>
    <ClInclude Include="..\..\CommonFile\FishServerConfig.h">
      <Filter>头文件</Filter>
    </ClInclude>
    <ClInclude Include="RealNameVerificationManager.h">
      <Filter>头文件</Filter>
    </ClInclude>
    <ClInclude Include="BindPhoneManager.h">
      <Filter>头文件</Filter>
    </ClInclude>
    <ClInclude Include="BuyEntityItemManager.h">
      <Filter>头文件</Filter>
    </ClInclude>
    <ClInclude Include="BindEmailManager.h">
      <Filter>头文件</Filter>
    </ClInclude>
    <ClInclude Include="UseRMBManager.h">
      <Filter>头文件</Filter>
    </ClInclude>
    <ClInclude Include="ChannelLogonManager.h">
      <Filter>头文件</Filter>
    </ClInclude>
    <ClInclude Include="..\..\CommonFile\FishConfig.h">
      <Filter>头文件</Filter>
    </ClInclude>
    <ClInclude Include="PhonePayManager.h">
      <Filter>头文件</Filter>
    </ClInclude>
    <ClInclude Include="..\..\CommonFile\DBLogManager.h">
      <Filter>头文件</Filter>
    </ClInclude>
    <ClInclude Include="PhoneSMSManager.h">
      <Filter>头文件</Filter>
    </ClInclude>
    <ClInclude Include="PhoneLogon.h">
      <Filter>头文件</Filter>
    </ClInclude>
    <ClInclude Include="NormalRechargeManager.h">
      <Filter>头文件</Filter>
    </ClInclude>
    <ClInclude Include="IApppay\CryptHelper.h">
      <Filter>IApppay</Filter>
    </ClInclude>
    <ClInclude Include="IApppay\SignUtils.h">
      <Filter>IApppay</Filter>
    </ClInclude>
    <ClInclude Include="IOSPayManager.h">
      <Filter>头文件</Filter>
    </ClInclude>
    <ClInclude Include="OrderOnlyManager.h">
      <Filter>头文件</Filter>
    </ClInclude>
    <ClInclude Include="WeiXinLogon.h">
      <Filter>头文件</Filter>
    </ClInclude>
    <ClInclude Include="QQLogon.h">
      <Filter>头文件</Filter>
    </ClInclude>
    <ClInclude Include="URLFaceImgManager.h">
      <Filter>头文件</Filter>
    </ClInclude>
    <ClInclude Include="WeiXinUserInfoManager.h">
      <Filter>头文件</Filter>
    </ClInclude>
    <ClInclude Include="QQUserInfoManager.h">
      <Filter>头文件</Filter>
    </ClInclude>
    <ClInclude Include="HYPay.h">
      <Filter>汇付宝</Filter>
    </ClInclude>
    <ClInclude Include="AlipayManager.h">
      <Filter>修改支付宝</Filter>
    </ClInclude>
  </ItemGroup>
  <ItemGroup>
    <ClCompile Include="stdafx.cpp">
      <Filter>源文件</Filter>
    </ClCompile>
    <ClCompile Include="OperateServer.cpp">
      <Filter>源文件</Filter>
    </ClCompile>
    <ClCompile Include="..\..\CommonFile\tinyxml\tinyxml2.cpp">
      <Filter>TinyXml</Filter>
    </ClCompile>
    <ClCompile Include="..\..\CommonFile\tinyxml\XmlReader.cpp">
      <Filter>TinyXml</Filter>
    </ClCompile>
    <ClCompile Include="FishServer.cpp">
      <Filter>源文件</Filter>
    </ClCompile>
    <ClCompile Include="..\..\CommonFile\FishServerConfig.cpp">
      <Filter>源文件</Filter>
    </ClCompile>
    <ClCompile Include="RealNameVerificationManager.cpp">
      <Filter>源文件</Filter>
    </ClCompile>
    <ClCompile Include="BindPhoneManager.cpp">
      <Filter>源文件</Filter>
    </ClCompile>
    <ClCompile Include="BuyEntityItemManager.cpp">
      <Filter>源文件</Filter>
    </ClCompile>
    <ClCompile Include="BindEmailManager.cpp">
      <Filter>源文件</Filter>
    </ClCompile>
    <ClCompile Include="UseRMBManager.cpp">
      <Filter>源文件</Filter>
    </ClCompile>
    <ClCompile Include="ChannelLogonManager.cpp">
      <Filter>源文件</Filter>
    </ClCompile>
    <ClCompile Include="..\..\CommonFile\FishConfig.cpp">
      <Filter>源文件</Filter>
    </ClCompile>
    <ClCompile Include="PhonePayManager.cpp">
      <Filter>源文件</Filter>
    </ClCompile>
    <ClCompile Include="..\..\CommonFile\DBLogManager.cpp">
      <Filter>源文件</Filter>
    </ClCompile>
    <ClCompile Include="PhoneSMSManager.cpp">
      <Filter>源文件</Filter>
    </ClCompile>
    <ClCompile Include="PhoneLogon.cpp">
      <Filter>源文件</Filter>
    </ClCompile>
    <ClCompile Include="NormalRechargeManager.cpp">
      <Filter>源文件</Filter>
    </ClCompile>
    <ClCompile Include="IApppay\CryptHelper.cpp">
      <Filter>IApppay</Filter>
    </ClCompile>
    <ClCompile Include="IApppay\SignUtils.cpp">
      <Filter>IApppay</Filter>
    </ClCompile>
    <ClCompile Include="IOSPayManager.cpp">
      <Filter>源文件</Filter>
    </ClCompile>
    <ClCompile Include="OrderOnlyManager.cpp">
      <Filter>源文件</Filter>
    </ClCompile>
    <ClCompile Include="WeiXinLogon.cpp">
      <Filter>源文件</Filter>
    </ClCompile>
    <ClCompile Include="QQLogon.cpp">
      <Filter>源文件</Filter>
    </ClCompile>
    <ClCompile Include="WeiXinUserInfoManager.cpp">
      <Filter>源文件</Filter>
    </ClCompile>
    <ClCompile Include="QQUserInfoManager.cpp">
      <Filter>源文件</Filter>
    </ClCompile>
    <ClCompile Include="HYPay.cpp">
      <Filter>汇付宝</Filter>
    </ClCompile>
    <ClCompile Include="AlipayManager.cpp">
      <Filter>修改支付宝</Filter>
    </ClCompile>
  </ItemGroup>
</Project>