<?xml version="1.0" encoding="utf-8"?>
<Project ToolsVersion="4.0" xmlns="http://schemas.microsoft.com/developer/msbuild/2003">
  <ItemGroup>
    <Filter Include="源文件">
      <UniqueIdentifier>{4FC737F1-C7A5-4376-A066-2A32D752A2FF}</UniqueIdentifier>
      <Extensions>cpp;c;cc;cxx;def;odl;idl;hpj;bat;asm;asmx</Extensions>
    </Filter>
    <Filter Include="头文件">
      <UniqueIdentifier>{93995380-89BD-4b04-88EB-625FBE52EBFB}</UniqueIdentifier>
      <Extensions>h;hpp;hxx;hm;inl;inc;xsd</Extensions>
    </Filter>
    <Filter Include="资源文件">
      <UniqueIdentifier>{67DA6AB6-F800-4c08-8B7A-83BB121AAD01}</UniqueIdentifier>
      <Extensions>rc;ico;cur;bmp;dlg;rc2;rct;bin;rgs;gif;jpg;jpeg;jpe;resx;tiff;tif;png;wav</Extensions>
    </Filter>
    <Filter Include="头文件\Role">
      <UniqueIdentifier>{d427e1ae-6604-4d15-961d-bc251b9406cc}</UniqueIdentifier>
    </Filter>
    <Filter Include="源文件\Role">
      <UniqueIdentifier>{b03def37-fa8d-4959-9246-528b1eb75927}</UniqueIdentifier>
    </Filter>
    <Filter Include="FishLogic">
      <UniqueIdentifier>{2ffd6844-c081-4672-aab0-49f7cbf61696}</UniqueIdentifier>
    </Filter>
    <Filter Include="FishLogic\FishScene">
      <UniqueIdentifier>{b6a28881-1fee-49c3-b49e-77d122e0cab7}</UniqueIdentifier>
    </Filter>
    <Filter Include="TinyXml">
      <UniqueIdentifier>{06d8ad93-2811-4c97-9863-a6002575ff90}</UniqueIdentifier>
    </Filter>
    <Filter Include="GameRobot">
      <UniqueIdentifier>{137f29c3-c0a9-4c7c-a2f2-681b33740b3d}</UniqueIdentifier>
    </Filter>
  </ItemGroup>
  <ItemGroup>
    <ClCompile Include="GameServer.cpp">
      <Filter>源文件</Filter>
    </ClCompile>
    <ClCompile Include="stdafx.cpp">
      <Filter>源文件</Filter>
    </ClCompile>
    <ClCompile Include="FishServer.cpp">
      <Filter>源文件</Filter>
    </ClCompile>
    <ClCompile Include="UserLogonManager.cpp">
      <Filter>源文件</Filter>
    </ClCompile>
    <ClCompile Include="RoleManager.cpp">
      <Filter>源文件\Role</Filter>
    </ClCompile>
    <ClCompile Include="FishLogic\FishScene\Bullet.cpp">
      <Filter>FishLogic\FishScene</Filter>
    </ClCompile>
    <ClCompile Include="FishLogic\FishScene\BulletManager.cpp">
      <Filter>FishLogic\FishScene</Filter>
    </ClCompile>
    <ClCompile Include="FishLogic\FishScene\DeadStayTimer.cpp">
      <Filter>FishLogic\FishScene</Filter>
    </ClCompile>
    <ClCompile Include="FishLogic\FishScene\Fish.cpp">
      <Filter>FishLogic\FishScene</Filter>
    </ClCompile>
    <ClCompile Include="FishLogic\FishScene\FishCamera.cpp">
      <Filter>FishLogic\FishScene</Filter>
    </ClCompile>
    <ClCompile Include="FishLogic\FishScene\FishCollider.cpp">
      <Filter>FishLogic\FishScene</Filter>
    </ClCompile>
    <ClCompile Include="FishLogic\FishScene\FishLauncher.cpp">
      <Filter>FishLogic\FishScene</Filter>
    </ClCompile>
    <ClCompile Include="FishLogic\FishScene\FishManager.cpp">
      <Filter>FishLogic\FishScene</Filter>
    </ClCompile>
    <ClCompile Include="FishLogic\FishScene\FishMap.cpp">
      <Filter>FishLogic\FishScene</Filter>
    </ClCompile>
    <ClCompile Include="FishLogic\FishScene\FishResData.cpp">
      <Filter>FishLogic\FishScene</Filter>
    </ClCompile>
    <ClCompile Include="FishLogic\FishScene\FishResManager.cpp">
      <Filter>FishLogic\FishScene</Filter>
    </ClCompile>
    <ClCompile Include="FishLogic\FishScene\PathController.cpp">
      <Filter>FishLogic\FishScene</Filter>
    </ClCompile>
    <ClCompile Include="FishLogic\FishScene\PathEvent.cpp">
      <Filter>FishLogic\FishScene</Filter>
    </ClCompile>
    <ClCompile Include="FishLogic\FishScene\PathLinearInterpolator.cpp">
      <Filter>FishLogic\FishScene</Filter>
    </ClCompile>
    <ClCompile Include="FishLogic\FishScene\PathTimeController.cpp">
      <Filter>FishLogic\FishScene</Filter>
    </ClCompile>
    <ClCompile Include="FishLogic\FishScene\RuntimeInfo.cpp">
      <Filter>FishLogic\FishScene</Filter>
    </ClCompile>
    <ClCompile Include="FishLogic\FishCallback.cpp">
      <Filter>FishLogic</Filter>
    </ClCompile>
    <ClCompile Include="FishLogic\FishDesk.cpp">
      <Filter>FishLogic</Filter>
    </ClCompile>
    <ClCompile Include="FishLogic\FishDeskCmd.cpp">
      <Filter>FishLogic</Filter>
    </ClCompile>
    <ClCompile Include="FishLogic\FishScene.cpp">
      <Filter>FishLogic</Filter>
    </ClCompile>
    <ClCompile Include="FishLogic\FishUtility.cpp">
      <Filter>FishLogic</Filter>
    </ClCompile>
    <ClCompile Include="SkillInfo.cpp">
      <Filter>源文件\Role</Filter>
    </ClCompile>
    <ClCompile Include="FishTimer.cpp">
      <Filter>源文件\Role</Filter>
    </ClCompile>
    <ClCompile Include="GameTable.cpp">
      <Filter>源文件\Role</Filter>
    </ClCompile>
    <ClCompile Include="TableManager.cpp">
      <Filter>源文件\Role</Filter>
    </ClCompile>
    <ClCompile Include="RoleEx.cpp">
      <Filter>源文件\Role</Filter>
    </ClCompile>
    <ClCompile Include="Role.cpp">
      <Filter>源文件\Role</Filter>
    </ClCompile>
    <ClCompile Include="..\CommonFile\FishConfig.cpp">
      <Filter>源文件\Role</Filter>
    </ClCompile>
    <ClCompile Include="..\CommonFile\tinyxml\tinyxml2.cpp">
      <Filter>TinyXml</Filter>
    </ClCompile>
    <ClCompile Include="..\CommonFile\tinyxml\XmlReader.cpp">
      <Filter>TinyXml</Filter>
    </ClCompile>
    <ClCompile Include="..\CommonFile\FishServerConfig.cpp">
      <Filter>源文件\Role</Filter>
    </ClCompile>
    <ClCompile Include="FishLogic\Config.cpp">
      <Filter>源文件</Filter>
    </ClCompile>
    <ClCompile Include="RoleGameData.cpp">
      <Filter>源文件\Role</Filter>
    </ClCompile>
    <ClCompile Include="RoleLauncherManager.cpp">
      <Filter>源文件\Role</Filter>
    </ClCompile>
    <ClCompile Include="RoleVip.cpp">
      <Filter>源文件\Role</Filter>
    </ClCompile>
    <ClCompile Include="RoleRate.cpp">
      <Filter>源文件\Role</Filter>
    </ClCompile>
    <ClCompile Include="GameRobot.cpp">
      <Filter>GameRobot</Filter>
    </ClCompile>
    <ClCompile Include="GameHallControl.cpp">
      <Filter>源文件</Filter>
    </ClCompile>
  </ItemGroup>
  <ItemGroup>
    <ClInclude Include="stdafx.h">
      <Filter>头文件</Filter>
    </ClInclude>
    <ClInclude Include="targetver.h">
      <Filter>头文件</Filter>
    </ClInclude>
    <ClInclude Include="FishServer.h">
      <Filter>头文件</Filter>
    </ClInclude>
    <ClInclude Include="UserLogonManager.h">
      <Filter>头文件</Filter>
    </ClInclude>
    <ClInclude Include="RoleManager.h">
      <Filter>头文件\Role</Filter>
    </ClInclude>
    <ClInclude Include="RoleEx.h">
      <Filter>头文件\Role</Filter>
    </ClInclude>
    <ClInclude Include="FishLogic\FishScene\Bullet.h">
      <Filter>FishLogic\FishScene</Filter>
    </ClInclude>
    <ClInclude Include="FishLogic\FishScene\BulletManager.h">
      <Filter>FishLogic\FishScene</Filter>
    </ClInclude>
    <ClInclude Include="FishLogic\FishScene\DeadStayTimer.h">
      <Filter>FishLogic\FishScene</Filter>
    </ClInclude>
    <ClInclude Include="FishLogic\FishScene\Fish.h">
      <Filter>FishLogic\FishScene</Filter>
    </ClInclude>
    <ClInclude Include="FishLogic\FishScene\FishCamera.h">
      <Filter>FishLogic\FishScene</Filter>
    </ClInclude>
    <ClInclude Include="FishLogic\FishScene\FishCollider.h">
      <Filter>FishLogic\FishScene</Filter>
    </ClInclude>
    <ClInclude Include="FishLogic\FishScene\FishLauncher.h">
      <Filter>FishLogic\FishScene</Filter>
    </ClInclude>
    <ClInclude Include="FishLogic\FishScene\FishManager.h">
      <Filter>FishLogic\FishScene</Filter>
    </ClInclude>
    <ClInclude Include="FishLogic\FishScene\FishMap.h">
      <Filter>FishLogic\FishScene</Filter>
    </ClInclude>
    <ClInclude Include="FishLogic\FishScene\FishResData.h">
      <Filter>FishLogic\FishScene</Filter>
    </ClInclude>
    <ClInclude Include="FishLogic\FishScene\FishResManager.h">
      <Filter>FishLogic\FishScene</Filter>
    </ClInclude>
    <ClInclude Include="FishLogic\FishScene\FishSendInterface.h">
      <Filter>FishLogic\FishScene</Filter>
    </ClInclude>
    <ClInclude Include="FishLogic\FishScene\PathController.h">
      <Filter>FishLogic\FishScene</Filter>
    </ClInclude>
    <ClInclude Include="FishLogic\FishScene\PathEvent.h">
      <Filter>FishLogic\FishScene</Filter>
    </ClInclude>
    <ClInclude Include="FishLogic\FishScene\PathLinearInterpolator.h">
      <Filter>FishLogic\FishScene</Filter>
    </ClInclude>
    <ClInclude Include="FishLogic\FishScene\PathTimeController.h">
      <Filter>FishLogic\FishScene</Filter>
    </ClInclude>
    <ClInclude Include="FishLogic\FishScene\RuntimeInfo.h">
      <Filter>FishLogic\FishScene</Filter>
    </ClInclude>
    <ClInclude Include="FishLogic\FishScene\TArray.h">
      <Filter>FishLogic\FishScene</Filter>
    </ClInclude>
    <ClInclude Include="FishLogic\FishCallbak.h">
      <Filter>FishLogic</Filter>
    </ClInclude>
    <ClInclude Include="FishLogic\FishDesk.h">
      <Filter>FishLogic</Filter>
    </ClInclude>
    <ClInclude Include="FishLogic\FishScene.h">
      <Filter>FishLogic</Filter>
    </ClInclude>
    <ClInclude Include="FishLogic\FishUtility.h">
      <Filter>FishLogic</Filter>
    </ClInclude>
    <ClInclude Include="SkillInfo.h">
      <Filter>头文件\Role</Filter>
    </ClInclude>
    <ClInclude Include="FishTimer.h">
      <Filter>头文件\Role</Filter>
    </ClInclude>
    <ClInclude Include="GameTable.h">
      <Filter>头文件\Role</Filter>
    </ClInclude>
    <ClInclude Include="TableManager.h">
      <Filter>头文件\Role</Filter>
    </ClInclude>
    <ClInclude Include="FishLogic\NetCmd.h">
      <Filter>FishLogic</Filter>
    </ClInclude>
    <ClInclude Include="Role.h">
      <Filter>头文件\Role</Filter>
    </ClInclude>
    <ClInclude Include="..\CommonFile\FishConfig.h">
      <Filter>头文件\Role</Filter>
    </ClInclude>
    <ClInclude Include="..\CommonFile\tinyxml\tinyxml2.h">
      <Filter>TinyXml</Filter>
    </ClInclude>
    <ClInclude Include="..\CommonFile\tinyxml\XmlReader.h">
      <Filter>TinyXml</Filter>
    </ClInclude>
    <ClInclude Include="..\CommonFile\FishServerConfig.h">
      <Filter>头文件\Role</Filter>
    </ClInclude>
    <ClInclude Include="FishLogic\Config.h">
      <Filter>头文件</Filter>
    </ClInclude>
    <ClInclude Include="RoleGameData.h">
      <Filter>头文件\Role</Filter>
    </ClInclude>
    <ClInclude Include="..\CommonFile\ip.h">
      <Filter>头文件</Filter>
    </ClInclude>
    <ClInclude Include="RoleLauncherManager.h">
      <Filter>头文件\Role</Filter>
    </ClInclude>
    <ClInclude Include="RoleVip.h">
      <Filter>头文件\Role</Filter>
    </ClInclude>
    <ClInclude Include="RoleRate.h">
      <Filter>头文件\Role</Filter>
    </ClInclude>
    <ClInclude Include="GameRobot.h">
      <Filter>GameRobot</Filter>
    </ClInclude>
    <ClInclude Include="GameHallControl.h">
      <Filter>头文件</Filter>
    </ClInclude>
  </ItemGroup>
</Project>